
Microsoft Visual Studio Solution File, Format Version 12.00
# Visual Studio 15
VisualStudioVersion = 15.0.27130.2027
MinimumVisualStudioVersion = 10.0.40219.1
Project("{FAE04EC0-301F-11D3-BF4B-00C04F79EFBC}") = "ChallengeDaysBetween", "ChallengeDaysBetween\ChallengeDaysBetween.csproj", "{44D623F3-E8FA-41E0-83AD-B26B5449C01F}"
EndProject
Global
	GlobalSection(SolutionConfigurationPlatforms) = preSolution
		Debug|Any CPU = Debug|Any CPU
		Release|Any CPU = Release|Any CPU
	EndGlobalSection
	GlobalSection(ProjectConfigurationPlatforms) = postSolution
		{44D623F3-E8FA-41E0-83AD-B26B5449C01F}.Debug|Any CPU.ActiveCfg = Debug|Any CPU
		{44D623F3-E8FA-41E0-83AD-B26B5449C01F}.Debug|Any CPU.Build.0 = Debug|Any CPU
		{44D623F3-E8FA-41E0-83AD-B26B5449C01F}.Release|Any CPU.ActiveCfg = Release|Any CPU
		{44D623F3-E8FA-41E0-83AD-B26B5449C01F}.Release|Any CPU.Build.0 = Release|Any CPU
	EndGlobalSection
	GlobalSection(SolutionProperties) = preSolution
		HideSolutionNode = FALSE
	EndGlobalSection
	GlobalSection(ExtensibilityGlobals) = postSolution
		SolutionGuid = {7029CF3C-7EF0-48BA-8240-73039B139B2D}
	EndGlobalSection
EndGlobal
