
Microsoft Visual Studio Solution File, Format Version 12.00
# Visual Studio 15
VisualStudioVersion = 15.0.27130.2027
MinimumVisualStudioVersion = 10.0.40219.1
Project("{FAE04EC0-301F-11D3-BF4B-00C04F79EFBC}") = "CS_021", "CS_021\CS_021.csproj", "{BCF26483-6D62-4FB0-878E-9643EC14B547}"
EndProject
Global
	GlobalSection(SolutionConfigurationPlatforms) = preSolution
		Debug|Any CPU = Debug|Any CPU
		Release|Any CPU = Release|Any CPU
	EndGlobalSection
	GlobalSection(ProjectConfigurationPlatforms) = postSolution
		{BCF26483-6D62-4FB0-878E-9643EC14B547}.Debug|Any CPU.ActiveCfg = Debug|Any CPU
		{BCF26483-6D62-4FB0-878E-9643EC14B547}.Debug|Any CPU.Build.0 = Debug|Any CPU
		{BCF26483-6D62-4FB0-878E-9643EC14B547}.Release|Any CPU.ActiveCfg = Release|Any CPU
		{BCF26483-6D62-4FB0-878E-9643EC14B547}.Release|Any CPU.Build.0 = Release|Any CPU
	EndGlobalSection
	GlobalSection(SolutionProperties) = preSolution
		HideSolutionNode = FALSE
	EndGlobalSection
	GlobalSection(ExtensibilityGlobals) = postSolution
		SolutionGuid = {CDEE943A-33A9-4988-A143-AA387CE92B21}
	EndGlobalSection
EndGlobal
